
Microsoft Visual Studio Solution File, Format Version 12.00
# Visual Studio Version 17
VisualStudioVersion = 17.9.34616.47
MinimumVisualStudioVersion = 10.0.40219.1
Project("{8BC9CEB8-8B4A-11D0-8D11-00A0C91BC942}") = "FinalProjectOOP", "FinalProjectOOP.vcxproj", "{33D7D2C8-A685-4216-BCC8-E8C7A640F52E}"
EndProject
Global
	GlobalSection(SolutionConfigurationPlatforms) = preSolution
		Debug|x64 = Debug|x64
		Debug|x86 = Debug|x86
		Release|x64 = Release|x64
		Release|x86 = Release|x86
	EndGlobalSection
	GlobalSection(ProjectConfigurationPlatforms) = postSolution
		{33D7D2C8-A685-4216-BCC8-E8C7A640F52E}.Debug|x64.ActiveCfg = Debug|x64
		{33D7D2C8-A685-4216-BCC8-E8C7A640F52E}.Debug|x64.Build.0 = Debug|x64
		{33D7D2C8-A685-4216-BCC8-E8C7A640F52E}.Debug|x86.ActiveCfg = Debug|Win32
		{33D7D2C8-A685-4216-BCC8-E8C7A640F52E}.Debug|x86.Build.0 = Debug|Win32
		{33D7D2C8-A685-4216-BCC8-E8C7A640F52E}.Release|x64.ActiveCfg = Release|x64
		{33D7D2C8-A685-4216-BCC8-E8C7A640F52E}.Release|x64.Build.0 = Release|x64
		{33D7D2C8-A685-4216-BCC8-E8C7A640F52E}.Release|x86.ActiveCfg = Release|Win32
		{33D7D2C8-A685-4216-BCC8-E8C7A640F52E}.Release|x86.Build.0 = Release|Win32
	EndGlobalSection
	GlobalSection(SolutionProperties) = preSolution
		HideSolutionNode = FALSE
	EndGlobalSection
	GlobalSection(ExtensibilityGlobals) = postSolution
		SolutionGuid = {07EDEFAE-8C0D-4C98-9567-3C2C456A5602}
	EndGlobalSection
EndGlobal
